// !$*UTF8*$!
{
	archiveVersion = 1;
	classes = {
	};
	objectVersion = 46;
	objects = {

/* Begin PBXBuildFile section */
		6444AC7F1E23EEE4001F561C /* AppDelegate.swift in Sources */ = {isa = PBXBuildFile; fileRef = 6444AC7E1E23EEE4001F561C /* AppDelegate.swift */; };
		6444AC811E23EEE4001F561C /* ViewController.swift in Sources */ = {isa = PBXBuildFile; fileRef = 6444AC801E23EEE4001F561C /* ViewController.swift */; };
		6444AC841E23EEE4001F561C /* Main.storyboard in Resources */ = {isa = PBXBuildFile; fileRef = 6444AC821E23EEE4001F561C /* Main.storyboard */; };
		6444AC861E23EEE4001F561C /* Assets.xcassets in Resources */ = {isa = PBXBuildFile; fileRef = 6444AC851E23EEE4001F561C /* Assets.xcassets */; };
		6444AC891E23EEE4001F561C /* LaunchScreen.storyboard in Resources */ = {isa = PBXBuildFile; fileRef = 6444AC871E23EEE4001F561C /* LaunchScreen.storyboard */; };
/* End PBXBuildFile section */

/* Begin PBXFileReference section */
		6444AC7B1E23EEE4001F561C /* Tic-Tac-Toe2.app */ = {isa = PBXFileReference; explicitFileType = wrapper.application; includeInIndex = 0; path = "Tic-Tac-Toe2.app"; sourceTree = BUILT_PRODUCTS_DIR; };
		6444AC7E1E23EEE4001F561C /* AppDelegate.swift */ = {isa = PBXFileReference; lastKnownFileType = sourcecode.swift; path = AppDelegate.swift; sourceTree = "<group>"; };
		6444AC801E23EEE4001F561C /* ViewController.swift */ = {isa = PBXFileReference; lastKnownFileType = sourcecode.swift; path = ViewController.swift; sourceTree = "<group>"; };
		6444AC831E23EEE4001F561C /* Base */ = {isa = PBXFileReference; lastKnownFileType = file.storyboard; name = Base; path = Base.lproj/Main.storyboard; sourceTree = "<group>"; };
		6444AC851E23EEE4001F561C /* Assets.xcassets */ = {isa = PBXFileReference; lastKnownFileType = folder.assetcatalog; path = Assets.xcassets; sourceTree = "<group>"; };
		6444AC881E23EEE4001F561C /* Base */ = {isa = PBXFileReference; lastKnownFileType = file.storyboard; name = Base; path = Base.lproj/LaunchScreen.storyboard; sourceTree = "<group>"; };
		6444AC8A1E23EEE4001F561C /* Info.plist */ = {isa = PBXFileReference; lastKnownFileType = text.plist.xml; path = Info.plist; sourceTree = "<group>"; };
/* End PBXFileReference section */

/* Begin PBXFrameworksBuildPhase section */
		6444AC781E23EEE4001F561C /* Frameworks */ = {
			isa = PBXFrameworksBuildPhase;
			buildActionMask = 2147483647;
			files = (
			);
			runOnlyForDeploymentPostprocessing = 0;
		};
/* End PBXFrameworksBuildPhase section */

/* Begin PBXGroup section */
		6444AC721E23EEE4001F561C = {
			isa = PBXGroup;
			children = (
				6444AC7D1E23EEE4001F561C /* Tic-Tac-Toe2 */,
				6444AC7C1E23EEE4001F561C /* Products */,
			);
			sourceTree = "<group>";
		};
		6444AC7C1E23EEE4001F561C /* Products */ = {
			isa = PBXGroup;
			children = (
				6444AC7B1E23EEE4001F561C /* Tic-Tac-Toe2.app */,
			);
			name = Products;
			sourceTree = "<group>";
		};
		6444AC7D1E23EEE4001F561C /* Tic-Tac-Toe2 */ = {
			isa = PBXGroup;
			children = (
				6444AC7E1E23EEE4001F561C /* AppDelegate.swift */,
				6444AC801E23EEE4001F561C /* ViewController.swift */,
				6444AC821E23EEE4001F561C /* Main.storyboard */,
				6444AC851E23EEE4001F561C /* Assets.xcassets */,
				6444AC871E23EEE4001F561C /* LaunchScreen.storyboard */,
				6444AC8A1E23EEE4001F561C /* Info.plist */,
			);
			path = "Tic-Tac-Toe2";
			sourceTree = "<group>";
		};
/* End PBXGroup section */

/* Begin PBXNativeTarget section */
		6444AC7A1E23EEE4001F561C /* Tic-Tac-Toe2 */ = {
			isa = PBXNativeTarget;
			buildConfigurationList = 6444AC8D1E23EEE4001F561C /* Build configuration list for PBXNativeTarget "Tic-Tac-Toe2" */;
			buildPhases = (
				6444AC771E23EEE4001F561C /* Sources */,
				6444AC781E23EEE4001F561C /* Frameworks */,
				6444AC791E23EEE4001F561C /* Resources */,
			);
			buildRules = (
			);
			dependencies = (
			);
			name = "Tic-Tac-Toe2";
			productName = "Tic-Tac-Toe2";
			productReference = 6444AC7B1E23EEE4001F561C /* Tic-Tac-Toe2.app */;
			productType = "com.apple.product-type.application";
		};
/* End PBXNativeTarget section */

/* Begin PBXProject section */
		6444AC731E23EEE4001F561C /* Project object */ = {
			isa = PBXProject;
			attributes = {
				LastSwiftUpdateCheck = 0820;
				LastUpgradeCheck = 0820;
				ORGANIZATIONNAME = "Harrison Wong";
				TargetAttributes = {
					6444AC7A1E23EEE4001F561C = {
						CreatedOnToolsVersion = 8.2.1;
						ProvisioningStyle = Automatic;
					};
				};
			};
			buildConfigurationList = 6444AC761E23EEE4001F561C /* Build configuration list for PBXProject "Tic-Tac-Toe2" */;
			compatibilityVersion = "Xcode 3.2";
			developmentRegion = English;
			hasScannedForEncodings = 0;
			knownRegions = (
				en,
				Base,
			);
			mainGroup = 6444AC721E23EEE4001F561C;
			productRefGroup = 6444AC7C1E23EEE4001F561C /* Products */;
			projectDirPath = "";
			projectRoot = "";
			targets = (
				6444AC7A1E23EEE4001F561C /* Tic-Tac-Toe2 */,
			);
		};
/* End PBXProject section */

/* Begin PBXResourcesBuildPhase section */
		6444AC791E23EEE4001F561C /* Resources */ = {
			isa = PBXResourcesBuildPhase;
			buildActionMask = 2147483647;
			files = (
				6444AC891E23EEE4001F561C /* LaunchScreen.storyboard in Resources */,
				6444AC861E23EEE4001F561C /* Assets.xcassets in Resources */,
				6444AC841E23EEE4001F561C /* Main.storyboard in Resources */,
			);
			runOnlyForDeploymentPostprocessing = 0;
		};
/* End PBXResourcesBuildPhase section */

/* Begin PBXSourcesBuildPhase section */
		6444AC771E23EEE4001F561C /* Sources */ = {
			isa = PBXSourcesBuildPhase;
			buildActionMask = 2147483647;
			files = (
				6444AC811E23EEE4001F561C /* ViewController.swift in Sources */,
				6444AC7F1E23EEE4001F561C /* AppDelegate.swift in Sources */,
			);
			runOnlyForDeploymentPostprocessing = 0;
		};
/* End PBXSourcesBuildPhase section */

/* Begin PBXVariantGroup section */
		6444AC821E23EEE4001F561C /* Main.storyboard */ = {
			isa = PBXVariantGroup;
			children = (
				6444AC831E23EEE4001F561C /* Base */,
			);
			name = Main.storyboard;
			sourceTree = "<group>";
		};
		6444AC871E23EEE4001F561C /* LaunchScreen.storyboard */ = {
			isa = PBXVariantGroup;
			children = (
				6444AC881E23EEE4001F561C /* Base */,
			);
			name = LaunchScreen.storyboard;
			sourceTree = "<group>";
		};
/* End PBXVariantGroup section */

/* Begin XCBuildConfiguration section */
		6444AC8B1E23EEE4001F561C /* Debug */ = {
			isa = XCBuildConfiguration;
			buildSettings = {
				ALWAYS_SEARCH_USER_PATHS = NO;
				CLANG_ANALYZER_NONNULL = YES;
				CLANG_CXX_LANGUAGE_STANDARD = "gnu++0x";
				CLANG_CXX_LIBRARY = "libc++";
				CLANG_ENABLE_MODULES = YES;
				CLANG_ENABLE_OBJC_ARC = YES;
				CLANG_WARN_BOOL_CONVERSION = YES;
				CLANG_WARN_CONSTANT_CONVERSION = YES;
				CLANG_WARN_DIRECT_OBJC_ISA_USAGE = YES_ERROR;
				CLANG_WARN_DOCUMENTATION_COMMENTS = YES;
				CLANG_WARN_EMPTY_BODY = YES;
				CLANG_WARN_ENUM_CONVERSION = YES;
				CLANG_WARN_INFINITE_RECURSION = YES;
				CLANG_WARN_INT_CONVERSION = YES;
				CLANG_WARN_OBJC_ROOT_CLASS = YES_ERROR;
				CLANG_WARN_SUSPICIOUS_MOVE = YES;
				CLANG_WARN_UNREACHABLE_CODE = YES;
				CLANG_WARN__DUPLICATE_METHOD_MATCH = YES;
				"CODE_SIGN_IDENTITY[sdk=iphoneos*]" = "iPhone Developer";
				COPY_PHASE_STRIP = NO;
				DEBUG_INFORMATION_FORMAT = dwarf;
				ENABLE_STRICT_OBJC_MSGSEND = YES;
				ENABLE_TESTABILITY = YES;
				GCC_C_LANGUAGE_STANDARD = gnu99;
				GCC_DYNAMIC_NO_PIC = NO;
				GCC_NO_COMMON_BLOCKS = YES;
				GCC_OPTIMIZATION_LEVEL = 0;
				GCC_PREPROCESSOR_DEFINITIONS = (
					"DEBUG=1",
					"$(inherited)",
				);
				GCC_WARN_64_TO_32_BIT_CONVERSION = YES;
				GCC_WARN_ABOUT_RETURN_TYPE = YES_ERROR;
				GCC_WARN_UNDECLARED_SELECTOR = YES;
				GCC_WARN_UNINITIALIZED_AUTOS = YES_AGGRESSIVE;
				GCC_WARN_UNUSED_FUNCTION = YES;
				GCC_WARN_UNUSED_VARIABLE = YES;
				IPHONEOS_DEPLOYMENT_TARGET = 10.2;
				MTL_ENABLE_DEBUG_INFO = YES;
				ONLY_ACTIVE_ARCH = YES;
				SDKROOT = iphoneos;
				SWIFT_ACTIVE_COMPILATION_CONDITIONS = DEBUG;
				SWIFT_OPTIMIZATION_LEVEL = "-Onone";
				TARGETED_DEVICE_FAMILY = 2;
			};
			name = Debug;
		};
		6444AC8C1E23EEE4001F561C /* Release */ = {
			isa = XCBuildConfiguration;
			buildSettings = {
				ALWAYS_SEARCH_USER_PATHS = NO;
				CLANG_ANALYZER_NONNULL = YES;
				CLANG_CXX_LANGUAGE_STANDARD = "gnu++0x";
				CLANG_CXX_LIBRARY = "libc++";
				CLANG_ENABLE_MODULES = YES;
				CLANG_ENABLE_OBJC_ARC = YES;
				CLANG_WARN_BOOL_CONVERSION = YES;
				CLANG_WARN_CONSTANT_CONVERSION = YES;
				CLANG_WARN_DIRECT_OBJC_ISA_USAGE = YES_ERROR;
				CLANG_WARN_DOCUMENTATION_COMMENTS = YES;
				CLANG_WARN_EMPTY_BODY = YES;
				CLANG_WARN_ENUM_CONVERSION = YES;
				CLANG_WARN_INFINITE_RECURSION = YES;
				CLANG_WARN_INT_CONVERSION = YES;
				CLANG_WARN_OBJC_ROOT_CLASS = YES_ERROR;
				CLANG_WARN_SUSPICIOUS_MOVE = YES;
				CLANG_WARN_UNREACHABLE_CODE = YES;
				CLANG_WARN__DUPLICATE_METHOD_MATCH = YES;
				"CODE_SIGN_IDENTITY[sdk=iphoneos*]" = "iPhone Developer";
				COPY_PHASE_STRIP = NO;
				DEBUG_INFORMATION_FORMAT = "dwarf-with-dsym";
				ENABLE_NS_ASSERTIONS = NO;
				ENABLE_STRICT_OBJC_MSGSEND = YES;
				GCC_C_LANGUAGE_STANDARD = gnu99;
				GCC_NO_COMMON_BLOCKS = YES;
				GCC_WARN_64_TO_32_BIT_CONVERSION = YES;
				GCC_WARN_ABOUT_RETURN_TYPE = YES_ERROR;
				GCC_WARN_UNDECLARED_SELECTOR = YES;
				GCC_WARN_UNINITIALIZED_AUTOS = YES_AGGRESSIVE;
				GCC_WARN_UNUSED_FUNCTION = YES;
				GCC_WARN_UNUSED_VARIABLE = YES;
				IPHONEOS_DEPLOYMENT_TARGET = 10.2;
				MTL_ENABLE_DEBUG_INFO = NO;
				SDKROOT = iphoneos;
				SWIFT_OPTIMIZATION_LEVEL = "-Owholemodule";
				TARGETED_DEVICE_FAMILY = 2;
				VALIDATE_PRODUCT = YES;
			};
			name = Release;
		};
		6444AC8E1E23EEE4001F561C /* Debug */ = {
			isa = XCBuildConfiguration;
			buildSettings = {
				ASSETCATALOG_COMPILER_APPICON_NAME = AppIcon;
				INFOPLIST_FILE = "Tic-Tac-Toe2/Info.plist";
				LD_RUNPATH_SEARCH_PATHS = "$(inherited) @executable_path/Frameworks";
				PRODUCT_BUNDLE_IDENTIFIER = "N-A.Tic-Tac-Toe2";
				PRODUCT_NAME = "$(TARGET_NAME)";
				SWIFT_VERSION = 3.0;
			};
			name = Debug;
		};
		6444AC8F1E23EEE4001F561C /* Release */ = {
			isa = XCBuildConfiguration;
			buildSettings = {
				ASSETCATALOG_COMPILER_APPICON_NAME = AppIcon;
				INFOPLIST_FILE = "Tic-Tac-Toe2/Info.plist";
				LD_RUNPATH_SEARCH_PATHS = "$(inherited) @executable_path/Frameworks";
				PRODUCT_BUNDLE_IDENTIFIER = "N-A.Tic-Tac-Toe2";
				PRODUCT_NAME = "$(TARGET_NAME)";
				SWIFT_VERSION = 3.0;
			};
			name = Release;
		};
/* End XCBuildConfiguration section */

/* Begin XCConfigurationList section */
		6444AC761E23EEE4001F561C /* Build configuration list for PBXProject "Tic-Tac-Toe2" */ = {
			isa = XCConfigurationList;
			buildConfigurations = (
				6444AC8B1E23EEE4001F561C /* Debug */,
				6444AC8C1E23EEE4001F561C /* Release */,
			);
			defaultConfigurationIsVisible = 0;
			defaultConfigurationName = Release;
		};
		6444AC8D1E23EEE4001F561C /* Build configuration list for PBXNativeTarget "Tic-Tac-Toe2" */ = {
			isa = XCConfigurationList;
			buildConfigurations = (
				6444AC8E1E23EEE4001F561C /* Debug */,
				6444AC8F1E23EEE4001F561C /* Release */,
			);
			defaultConfigurationIsVisible = 0;
		};
/* End XCConfigurationList section */
	};
	rootObject = 6444AC731E23EEE4001F561C /* Project object */;
}
